
Microsoft Visual Studio Solution File, Format Version 12.00
# Visual Studio 15
VisualStudioVersion = 15.0.27130.2024
MinimumVisualStudioVersion = 10.0.40219.1
Project("{8BC9CEB8-8B4A-11D0-8D11-00A0C91BC942}") = "baekjoon_2745", "baekjoon_2745\baekjoon_2745.vcxproj", "{C1220551-9EC0-4CFE-B4BC-33221B70BBFF}"
EndProject
Global
	GlobalSection(SolutionConfigurationPlatforms) = preSolution
		Debug|x64 = Debug|x64
		Debug|x86 = Debug|x86
		Release|x64 = Release|x64
		Release|x86 = Release|x86
	EndGlobalSection
	GlobalSection(ProjectConfigurationPlatforms) = postSolution
		{C1220551-9EC0-4CFE-B4BC-33221B70BBFF}.Debug|x64.ActiveCfg = Debug|x64
		{C1220551-9EC0-4CFE-B4BC-33221B70BBFF}.Debug|x64.Build.0 = Debug|x64
		{C1220551-9EC0-4CFE-B4BC-33221B70BBFF}.Debug|x86.ActiveCfg = Debug|Win32
		{C1220551-9EC0-4CFE-B4BC-33221B70BBFF}.Debug|x86.Build.0 = Debug|Win32
		{C1220551-9EC0-4CFE-B4BC-33221B70BBFF}.Release|x64.ActiveCfg = Release|x64
		{C1220551-9EC0-4CFE-B4BC-33221B70BBFF}.Release|x64.Build.0 = Release|x64
		{C1220551-9EC0-4CFE-B4BC-33221B70BBFF}.Release|x86.ActiveCfg = Release|Win32
		{C1220551-9EC0-4CFE-B4BC-33221B70BBFF}.Release|x86.Build.0 = Release|Win32
	EndGlobalSection
	GlobalSection(SolutionProperties) = preSolution
		HideSolutionNode = FALSE
	EndGlobalSection
	GlobalSection(ExtensibilityGlobals) = postSolution
		SolutionGuid = {7B23452F-6B28-441C-BEE0-7157761C2C5C}
	EndGlobalSection
EndGlobal
